
Microsoft Visual Studio Solution File, Format Version 12.00
# Visual Studio Version 17
VisualStudioVersion = 17.14.36310.24
MinimumVisualStudioVersion = 10.0.40219.1
Project("{FAE04EC0-301F-11D3-BF4B-00C04F79EFBC}") = "ComplainManagementSyestem", "ComplainManagementSyestem.csproj", "{0E79EAA3-FD1D-41DB-B422-059379DC84A8}"
EndProject
Project("{FAE04EC0-301F-11D3-BF4B-00C04F79EFBC}") = "Business.Layer", "..\Business.Layer\Business.Layer.csproj", "{4C35F827-A947-4ED8-B887-3FC13A89798C}"
EndProject
Project("{FAE04EC0-301F-11D3-BF4B-00C04F79EFBC}") = "Data.Layer", "..\Data.Layer\Data.Layer.csproj", "{42AA93DB-C398-4DE0-AD2F-C3B7349028A2}"
EndProject
Global
	GlobalSection(SolutionConfigurationPlatforms) = preSolution
		Debug|Any CPU = Debug|Any CPU
		Release|Any CPU = Release|Any CPU
	EndGlobalSection
	GlobalSection(ProjectConfigurationPlatforms) = postSolution
		{0E79EAA3-FD1D-41DB-B422-059379DC84A8}.Debug|Any CPU.ActiveCfg = Debug|Any CPU
		{0E79EAA3-FD1D-41DB-B422-059379DC84A8}.Debug|Any CPU.Build.0 = Debug|Any CPU
		{0E79EAA3-FD1D-41DB-B422-059379DC84A8}.Release|Any CPU.ActiveCfg = Release|Any CPU
		{0E79EAA3-FD1D-41DB-B422-059379DC84A8}.Release|Any CPU.Build.0 = Release|Any CPU
		{4C35F827-A947-4ED8-B887-3FC13A89798C}.Debug|Any CPU.ActiveCfg = Debug|Any CPU
		{4C35F827-A947-4ED8-B887-3FC13A89798C}.Debug|Any CPU.Build.0 = Debug|Any CPU
		{4C35F827-A947-4ED8-B887-3FC13A89798C}.Release|Any CPU.ActiveCfg = Release|Any CPU
		{4C35F827-A947-4ED8-B887-3FC13A89798C}.Release|Any CPU.Build.0 = Release|Any CPU
		{42AA93DB-C398-4DE0-AD2F-C3B7349028A2}.Debug|Any CPU.ActiveCfg = Debug|Any CPU
		{42AA93DB-C398-4DE0-AD2F-C3B7349028A2}.Debug|Any CPU.Build.0 = Debug|Any CPU
		{42AA93DB-C398-4DE0-AD2F-C3B7349028A2}.Release|Any CPU.ActiveCfg = Release|Any CPU
		{42AA93DB-C398-4DE0-AD2F-C3B7349028A2}.Release|Any CPU.Build.0 = Release|Any CPU
	EndGlobalSection
	GlobalSection(SolutionProperties) = preSolution
		HideSolutionNode = FALSE
	EndGlobalSection
	GlobalSection(ExtensibilityGlobals) = postSolution
		SolutionGuid = {0E0C6A65-8BE5-4425-80C0-75D813807E84}
	EndGlobalSection
EndGlobal
